
Microsoft Visual Studio Solution File, Format Version 12.00
# Visual Studio Version 17
VisualStudioVersion = 17.4.33122.133
MinimumVisualStudioVersion = 10.0.40219.1
Project("{FAE04EC0-301F-11D3-BF4B-00C04F79EFBC}") = "EmployeesMvc", "EmployeesMvc\EmployeesMvc.csproj", "{E845C3FC-E46C-414B-9F24-9A44856CCD99}"
EndProject
Global
	GlobalSection(SolutionConfigurationPlatforms) = preSolution
		Debug|Any CPU = Debug|Any CPU
		Release|Any CPU = Release|Any CPU
	EndGlobalSection
	GlobalSection(ProjectConfigurationPlatforms) = postSolution
		{E845C3FC-E46C-414B-9F24-9A44856CCD99}.Debug|Any CPU.ActiveCfg = Debug|Any CPU
		{E845C3FC-E46C-414B-9F24-9A44856CCD99}.Debug|Any CPU.Build.0 = Debug|Any CPU
		{E845C3FC-E46C-414B-9F24-9A44856CCD99}.Release|Any CPU.ActiveCfg = Release|Any CPU
		{E845C3FC-E46C-414B-9F24-9A44856CCD99}.Release|Any CPU.Build.0 = Release|Any CPU
	EndGlobalSection
	GlobalSection(SolutionProperties) = preSolution
		HideSolutionNode = FALSE
	EndGlobalSection
	GlobalSection(ExtensibilityGlobals) = postSolution
		SolutionGuid = {7AE46F6F-9FAD-440D-A05A-1833BA2FFF40}
	EndGlobalSection
EndGlobal
